// !$*UTF8*$!
{
	archiveVersion = 1;
	classes = {
	};
	objectVersion = 51;
	objects = {

/* Begin PBXBuildFile section */
		4A8C6ED26509488798B1CE20 /* Pods_PodManager.framework in Frameworks */ = {isa = PBXBuildFile; fileRef = 2137DBACF393AD06352C48AB /* Pods_PodManager.framework */; };
		BE0222032395229B009B9A65 /* SearchViewController.swift in Sources */ = {isa = PBXBuildFile; fileRef = BE0222022395229B009B9A65 /* SearchViewController.swift */; };
		BE0222092395232C009B9A65 /* SearchAPI.swift in Sources */ = {isa = PBXBuildFile; fileRef = BE0222082395232C009B9A65 /* SearchAPI.swift */; };
		BE02220B2395258C009B9A65 /* SearchRequestHeader.swift in Sources */ = {isa = PBXBuildFile; fileRef = BE02220A2395258C009B9A65 /* SearchRequestHeader.swift */; };
		BE4A4D17237DA4D70091D289 /* RoundedTextFieldCell.swift in Sources */ = {isa = PBXBuildFile; fileRef = BE4A4D16237DA4D70091D289 /* RoundedTextFieldCell.swift */; };
		BE5995F02386DD5F00F7BEE4 /* MainTabViewController.swift in Sources */ = {isa = PBXBuildFile; fileRef = BE5995EF2386DD5F00F7BEE4 /* MainTabViewController.swift */; };
		BE5995F22386EA6100F7BEE4 /* MyPodsViewController.swift in Sources */ = {isa = PBXBuildFile; fileRef = BE5995F12386EA6100F7BEE4 /* MyPodsViewController.swift */; };
		BE5995F82386EA8C00F7BEE4 /* PopularViewController.swift in Sources */ = {isa = PBXBuildFile; fileRef = BE5995F72386EA8C00F7BEE4 /* PopularViewController.swift */; };
		BE5995FA2386EA9E00F7BEE4 /* FavouritesViewController.swift in Sources */ = {isa = PBXBuildFile; fileRef = BE5995F92386EA9E00F7BEE4 /* FavouritesViewController.swift */; };
		BE5995FC2386EAAC00F7BEE4 /* TemplatesViewController.swift in Sources */ = {isa = PBXBuildFile; fileRef = BE5995FB2386EAAC00F7BEE4 /* TemplatesViewController.swift */; };
		BE679FCA23589CB0009AF188 /* MainViewController.swift in Sources */ = {isa = PBXBuildFile; fileRef = BE679FC923589CB0009AF188 /* MainViewController.swift */; };
		BE679FCC2358A1D8009AF188 /* CustomNSTextFieldCell.swift in Sources */ = {isa = PBXBuildFile; fileRef = BE679FCB2358A1D8009AF188 /* CustomNSTextFieldCell.swift */; };
		BE679FCE2358A48E009AF188 /* NSColor+Extension.swift in Sources */ = {isa = PBXBuildFile; fileRef = BE679FCD2358A48E009AF188 /* NSColor+Extension.swift */; };
		BE9B7C4A234DDA0600131D89 /* AppDelegate.swift in Sources */ = {isa = PBXBuildFile; fileRef = BE9B7C49234DDA0600131D89 /* AppDelegate.swift */; };
		BE9B7C4E234DDA0A00131D89 /* Assets.xcassets in Resources */ = {isa = PBXBuildFile; fileRef = BE9B7C4D234DDA0A00131D89 /* Assets.xcassets */; };
		BE9B7C51234DDA0A00131D89 /* Main.storyboard in Resources */ = {isa = PBXBuildFile; fileRef = BE9B7C4F234DDA0A00131D89 /* Main.storyboard */; };
		BE9F2ADA23954A1800727460 /* Notification+Extension.swift in Sources */ = {isa = PBXBuildFile; fileRef = BE9F2AD923954A1800727460 /* Notification+Extension.swift */; };
		BE9F2ADF23955CC900727460 /* NameCellView.swift in Sources */ = {isa = PBXBuildFile; fileRef = BE9F2ADE23955CC900727460 /* NameCellView.swift */; };
		BE9F2AE12395603E00727460 /* VersionCellView.swift in Sources */ = {isa = PBXBuildFile; fileRef = BE9F2AE02395603E00727460 /* VersionCellView.swift */; };
		BECDB39C23869F2C00843E49 /* Colors.swift in Sources */ = {isa = PBXBuildFile; fileRef = BECDB39B23869F2C00843E49 /* Colors.swift */; };
		BED0B97D2397D9A10018E78C /* ControlsCellView.swift in Sources */ = {isa = PBXBuildFile; fileRef = BED0B97C2397D9A10018E78C /* ControlsCellView.swift */; };
		BED0B97F2397DA080018E78C /* StatusCellView.swift in Sources */ = {isa = PBXBuildFile; fileRef = BED0B97E2397DA080018E78C /* StatusCellView.swift */; };
		BEE1278B238D44360080D025 /* QueryResponse.swift in Sources */ = {isa = PBXBuildFile; fileRef = BEE1278A238D44360080D025 /* QueryResponse.swift */; };
		BEE1278D238D446F0080D025 /* Hit.swift in Sources */ = {isa = PBXBuildFile; fileRef = BEE1278C238D446F0080D025 /* Hit.swift */; };
		BEE1278F238D447F0080D025 /* HitAuthor.swift in Sources */ = {isa = PBXBuildFile; fileRef = BEE1278E238D447F0080D025 /* HitAuthor.swift */; };
		BEE12791238D44D00080D025 /* Downloads.swift in Sources */ = {isa = PBXBuildFile; fileRef = BEE12790238D44D00080D025 /* Downloads.swift */; };
		BEE12793238D44E00080D025 /* HighlightResult.swift in Sources */ = {isa = PBXBuildFile; fileRef = BEE12792238D44E00080D025 /* HighlightResult.swift */; };
		BEE12795238D44FD0080D025 /* HighlightResultAuthor.swift in Sources */ = {isa = PBXBuildFile; fileRef = BEE12794238D44FD0080D025 /* HighlightResultAuthor.swift */; };
		BEE12797238D45090080D025 /* Name.swift in Sources */ = {isa = PBXBuildFile; fileRef = BEE12796238D45090080D025 /* Name.swift */; };
		BEE12799238D451C0080D025 /* MatchLevel.swift in Sources */ = {isa = PBXBuildFile; fileRef = BEE12798238D451C0080D025 /* MatchLevel.swift */; };
		BEE1279B238D45BC0080D025 /* Platforms.swift in Sources */ = {isa = PBXBuildFile; fileRef = BEE1279A238D45BC0080D025 /* Platforms.swift */; };
		BEE1279F238D45E90080D025 /* Source.swift in Sources */ = {isa = PBXBuildFile; fileRef = BEE1279E238D45E90080D025 /* Source.swift */; };
/* End PBXBuildFile section */

/* Begin PBXFileReference section */
		2043E37EE8E1BFD1BC77397A /* Pods-PodManager.debug.xcconfig */ = {isa = PBXFileReference; includeInIndex = 1; lastKnownFileType = text.xcconfig; name = "Pods-PodManager.debug.xcconfig"; path = "Target Support Files/Pods-PodManager/Pods-PodManager.debug.xcconfig"; sourceTree = "<group>"; };
		2137DBACF393AD06352C48AB /* Pods_PodManager.framework */ = {isa = PBXFileReference; explicitFileType = wrapper.framework; includeInIndex = 0; path = Pods_PodManager.framework; sourceTree = BUILT_PRODUCTS_DIR; };
		5E0E570B4537E9F34B5E14A9 /* Pods-PodManager.release.xcconfig */ = {isa = PBXFileReference; includeInIndex = 1; lastKnownFileType = text.xcconfig; name = "Pods-PodManager.release.xcconfig"; path = "Target Support Files/Pods-PodManager/Pods-PodManager.release.xcconfig"; sourceTree = "<group>"; };
		BE0222022395229B009B9A65 /* SearchViewController.swift */ = {isa = PBXFileReference; lastKnownFileType = sourcecode.swift; path = SearchViewController.swift; sourceTree = "<group>"; };
		BE0222082395232C009B9A65 /* SearchAPI.swift */ = {isa = PBXFileReference; lastKnownFileType = sourcecode.swift; path = SearchAPI.swift; sourceTree = "<group>"; };
		BE02220A2395258C009B9A65 /* SearchRequestHeader.swift */ = {isa = PBXFileReference; lastKnownFileType = sourcecode.swift; path = SearchRequestHeader.swift; sourceTree = "<group>"; };
		BE4A4D16237DA4D70091D289 /* RoundedTextFieldCell.swift */ = {isa = PBXFileReference; lastKnownFileType = sourcecode.swift; path = RoundedTextFieldCell.swift; sourceTree = "<group>"; };
		BE5995EF2386DD5F00F7BEE4 /* MainTabViewController.swift */ = {isa = PBXFileReference; lastKnownFileType = sourcecode.swift; path = MainTabViewController.swift; sourceTree = "<group>"; };
		BE5995F12386EA6100F7BEE4 /* MyPodsViewController.swift */ = {isa = PBXFileReference; lastKnownFileType = sourcecode.swift; path = MyPodsViewController.swift; sourceTree = "<group>"; };
		BE5995F72386EA8C00F7BEE4 /* PopularViewController.swift */ = {isa = PBXFileReference; lastKnownFileType = sourcecode.swift; path = PopularViewController.swift; sourceTree = "<group>"; };
		BE5995F92386EA9E00F7BEE4 /* FavouritesViewController.swift */ = {isa = PBXFileReference; lastKnownFileType = sourcecode.swift; path = FavouritesViewController.swift; sourceTree = "<group>"; };
		BE5995FB2386EAAC00F7BEE4 /* TemplatesViewController.swift */ = {isa = PBXFileReference; lastKnownFileType = sourcecode.swift; path = TemplatesViewController.swift; sourceTree = "<group>"; };
		BE679FC923589CB0009AF188 /* MainViewController.swift */ = {isa = PBXFileReference; lastKnownFileType = sourcecode.swift; path = MainViewController.swift; sourceTree = "<group>"; };
		BE679FCB2358A1D8009AF188 /* CustomNSTextFieldCell.swift */ = {isa = PBXFileReference; lastKnownFileType = sourcecode.swift; path = CustomNSTextFieldCell.swift; sourceTree = "<group>"; };
		BE679FCD2358A48E009AF188 /* NSColor+Extension.swift */ = {isa = PBXFileReference; lastKnownFileType = sourcecode.swift; path = "NSColor+Extension.swift"; sourceTree = "<group>"; };
		BE9B7C46234DDA0600131D89 /* PodManager.app */ = {isa = PBXFileReference; explicitFileType = wrapper.application; includeInIndex = 0; path = PodManager.app; sourceTree = BUILT_PRODUCTS_DIR; };
		BE9B7C49234DDA0600131D89 /* AppDelegate.swift */ = {isa = PBXFileReference; lastKnownFileType = sourcecode.swift; path = AppDelegate.swift; sourceTree = "<group>"; };
		BE9B7C4D234DDA0A00131D89 /* Assets.xcassets */ = {isa = PBXFileReference; lastKnownFileType = folder.assetcatalog; path = Assets.xcassets; sourceTree = "<group>"; };
		BE9B7C50234DDA0A00131D89 /* Base */ = {isa = PBXFileReference; lastKnownFileType = file.storyboard; name = Base; path = Base.lproj/Main.storyboard; sourceTree = "<group>"; };
		BE9B7C52234DDA0A00131D89 /* Info.plist */ = {isa = PBXFileReference; lastKnownFileType = text.plist.xml; path = Info.plist; sourceTree = "<group>"; };
		BE9B7C53234DDA0A00131D89 /* PodManager.entitlements */ = {isa = PBXFileReference; lastKnownFileType = text.plist.entitlements; path = PodManager.entitlements; sourceTree = "<group>"; };
		BE9F2AD923954A1800727460 /* Notification+Extension.swift */ = {isa = PBXFileReference; lastKnownFileType = sourcecode.swift; path = "Notification+Extension.swift"; sourceTree = "<group>"; };
		BE9F2ADE23955CC900727460 /* NameCellView.swift */ = {isa = PBXFileReference; lastKnownFileType = sourcecode.swift; path = NameCellView.swift; sourceTree = "<group>"; };
		BE9F2AE02395603E00727460 /* VersionCellView.swift */ = {isa = PBXFileReference; lastKnownFileType = sourcecode.swift; path = VersionCellView.swift; sourceTree = "<group>"; };
		BECDB39B23869F2C00843E49 /* Colors.swift */ = {isa = PBXFileReference; lastKnownFileType = sourcecode.swift; path = Colors.swift; sourceTree = "<group>"; };
		BED0B97C2397D9A10018E78C /* ControlsCellView.swift */ = {isa = PBXFileReference; lastKnownFileType = sourcecode.swift; path = ControlsCellView.swift; sourceTree = "<group>"; };
		BED0B97E2397DA080018E78C /* StatusCellView.swift */ = {isa = PBXFileReference; lastKnownFileType = sourcecode.swift; path = StatusCellView.swift; sourceTree = "<group>"; };
		BEE1278A238D44360080D025 /* QueryResponse.swift */ = {isa = PBXFileReference; lastKnownFileType = sourcecode.swift; path = QueryResponse.swift; sourceTree = "<group>"; };
		BEE1278C238D446F0080D025 /* Hit.swift */ = {isa = PBXFileReference; lastKnownFileType = sourcecode.swift; path = Hit.swift; sourceTree = "<group>"; };
		BEE1278E238D447F0080D025 /* HitAuthor.swift */ = {isa = PBXFileReference; lastKnownFileType = sourcecode.swift; path = HitAuthor.swift; sourceTree = "<group>"; };
		BEE12790238D44D00080D025 /* Downloads.swift */ = {isa = PBXFileReference; lastKnownFileType = sourcecode.swift; path = Downloads.swift; sourceTree = "<group>"; };
		BEE12792238D44E00080D025 /* HighlightResult.swift */ = {isa = PBXFileReference; lastKnownFileType = sourcecode.swift; path = HighlightResult.swift; sourceTree = "<group>"; };
		BEE12794238D44FD0080D025 /* HighlightResultAuthor.swift */ = {isa = PBXFileReference; lastKnownFileType = sourcecode.swift; path = HighlightResultAuthor.swift; sourceTree = "<group>"; };
		BEE12796238D45090080D025 /* Name.swift */ = {isa = PBXFileReference; lastKnownFileType = sourcecode.swift; path = Name.swift; sourceTree = "<group>"; };
		BEE12798238D451C0080D025 /* MatchLevel.swift */ = {isa = PBXFileReference; lastKnownFileType = sourcecode.swift; path = MatchLevel.swift; sourceTree = "<group>"; };
		BEE1279A238D45BC0080D025 /* Platforms.swift */ = {isa = PBXFileReference; lastKnownFileType = sourcecode.swift; path = Platforms.swift; sourceTree = "<group>"; };
		BEE1279E238D45E90080D025 /* Source.swift */ = {isa = PBXFileReference; lastKnownFileType = sourcecode.swift; path = Source.swift; sourceTree = "<group>"; };
/* End PBXFileReference section */

/* Begin PBXFrameworksBuildPhase section */
		BE9B7C43234DDA0600131D89 /* Frameworks */ = {
			isa = PBXFrameworksBuildPhase;
			buildActionMask = 2147483647;
			files = (
				4A8C6ED26509488798B1CE20 /* Pods_PodManager.framework in Frameworks */,
			);
			runOnlyForDeploymentPostprocessing = 0;
		};
/* End PBXFrameworksBuildPhase section */

/* Begin PBXGroup section */
		5C9A01886BF6F015DFDBE7C9 /* Frameworks */ = {
			isa = PBXGroup;
			children = (
				2137DBACF393AD06352C48AB /* Pods_PodManager.framework */,
			);
			name = Frameworks;
			sourceTree = "<group>";
		};
		BE022204239522BF009B9A65 /* ViewControllers */ = {
			isa = PBXGroup;
			children = (
				BE02220C23953EFA009B9A65 /* Tabs */,
				BE679FC923589CB0009AF188 /* MainViewController.swift */,
			);
			path = ViewControllers;
			sourceTree = "<group>";
		};
		BE022205239522CA009B9A65 /* Network */ = {
			isa = PBXGroup;
			children = (
				BEE12789238D441A0080D025 /* DTOs */,
				BE0222082395232C009B9A65 /* SearchAPI.swift */,
				BE02220A2395258C009B9A65 /* SearchRequestHeader.swift */,
			);
			path = Network;
			sourceTree = "<group>";
		};
		BE02220623952300009B9A65 /* Helpers */ = {
			isa = PBXGroup;
			children = (
				BE679FCB2358A1D8009AF188 /* CustomNSTextFieldCell.swift */,
				BE679FCD2358A48E009AF188 /* NSColor+Extension.swift */,
				BE4A4D16237DA4D70091D289 /* RoundedTextFieldCell.swift */,
				BECDB39B23869F2C00843E49 /* Colors.swift */,
				BE9F2AD923954A1800727460 /* Notification+Extension.swift */,
			);
			path = Helpers;
			sourceTree = "<group>";
		};
		BE02220C23953EFA009B9A65 /* Tabs */ = {
			isa = PBXGroup;
			children = (
				BE9F2ADD23955C8F00727460 /* Search */,
				BE5995EF2386DD5F00F7BEE4 /* MainTabViewController.swift */,
				BE5995FB2386EAAC00F7BEE4 /* TemplatesViewController.swift */,
				BE5995F72386EA8C00F7BEE4 /* PopularViewController.swift */,
				BE5995F12386EA6100F7BEE4 /* MyPodsViewController.swift */,
				BE5995F92386EA9E00F7BEE4 /* FavouritesViewController.swift */,
			);
			path = Tabs;
			sourceTree = "<group>";
		};
		BE9B7C3D234DDA0600131D89 = {
			isa = PBXGroup;
			children = (
				BE9B7C48234DDA0600131D89 /* PodManager */,
				BE9B7C47234DDA0600131D89 /* Products */,
				EC3CB48F7C0A7DD7C16BAF1C /* Pods */,
				5C9A01886BF6F015DFDBE7C9 /* Frameworks */,
			);
			sourceTree = "<group>";
		};
		BE9B7C47234DDA0600131D89 /* Products */ = {
			isa = PBXGroup;
			children = (
				BE9B7C46234DDA0600131D89 /* PodManager.app */,
			);
			name = Products;
			sourceTree = "<group>";
		};
		BE9B7C48234DDA0600131D89 /* PodManager */ = {
			isa = PBXGroup;
			children = (
				BE9B7C53234DDA0A00131D89 /* PodManager.entitlements */,
				BE9B7C52234DDA0A00131D89 /* Info.plist */,
				BE9B7C49234DDA0600131D89 /* AppDelegate.swift */,
				BE9B7C4D234DDA0A00131D89 /* Assets.xcassets */,
				BE02220623952300009B9A65 /* Helpers */,
				BE9B7C4F234DDA0A00131D89 /* Main.storyboard */,
				BE022205239522CA009B9A65 /* Network */,
				BE022204239522BF009B9A65 /* ViewControllers */,
			);
			path = PodManager;
			sourceTree = "<group>";
		};
		BE9F2ADD23955C8F00727460 /* Search */ = {
			isa = PBXGroup;
			children = (
				BE0222022395229B009B9A65 /* SearchViewController.swift */,
				BE9F2ADE23955CC900727460 /* NameCellView.swift */,
				BE9F2AE02395603E00727460 /* VersionCellView.swift */,
				BED0B97C2397D9A10018E78C /* ControlsCellView.swift */,
				BED0B97E2397DA080018E78C /* StatusCellView.swift */,
			);
			path = Search;
			sourceTree = "<group>";
		};
		BEE12789238D441A0080D025 /* DTOs */ = {
			isa = PBXGroup;
			children = (
				BEE1278A238D44360080D025 /* QueryResponse.swift */,
				BEE1278C238D446F0080D025 /* Hit.swift */,
				BEE1278E238D447F0080D025 /* HitAuthor.swift */,
				BEE12790238D44D00080D025 /* Downloads.swift */,
				BEE1279E238D45E90080D025 /* Source.swift */,
				BEE12792238D44E00080D025 /* HighlightResult.swift */,
				BEE12794238D44FD0080D025 /* HighlightResultAuthor.swift */,
				BEE12796238D45090080D025 /* Name.swift */,
				BEE12798238D451C0080D025 /* MatchLevel.swift */,
				BEE1279A238D45BC0080D025 /* Platforms.swift */,
			);
			path = DTOs;
			sourceTree = "<group>";
		};
		EC3CB48F7C0A7DD7C16BAF1C /* Pods */ = {
			isa = PBXGroup;
			children = (
				2043E37EE8E1BFD1BC77397A /* Pods-PodManager.debug.xcconfig */,
				5E0E570B4537E9F34B5E14A9 /* Pods-PodManager.release.xcconfig */,
			);
			path = Pods;
			sourceTree = "<group>";
		};
/* End PBXGroup section */

/* Begin PBXNativeTarget section */
		BE9B7C45234DDA0600131D89 /* PodManager */ = {
			isa = PBXNativeTarget;
			buildConfigurationList = BE9B7C56234DDA0A00131D89 /* Build configuration list for PBXNativeTarget "PodManager" */;
			buildPhases = (
				E2E2F625360EF8650C87543A /* [CP] Check Pods Manifest.lock */,
				BE9B7C42234DDA0600131D89 /* Sources */,
				BE9B7C43234DDA0600131D89 /* Frameworks */,
				BE9B7C44234DDA0600131D89 /* Resources */,
				8B785288FDE08349D9A949F5 /* [CP] Embed Pods Frameworks */,
			);
			buildRules = (
			);
			dependencies = (
			);
			name = PodManager;
			productName = PodManager;
			productReference = BE9B7C46234DDA0600131D89 /* PodManager.app */;
			productType = "com.apple.product-type.application";
		};
/* End PBXNativeTarget section */

/* Begin PBXProject section */
		BE9B7C3E234DDA0600131D89 /* Project object */ = {
			isa = PBXProject;
			attributes = {
				LastSwiftUpdateCheck = 1100;
				LastUpgradeCheck = 1100;
				ORGANIZATIONNAME = "Domonkos Aron";
				TargetAttributes = {
					BE9B7C45234DDA0600131D89 = {
						CreatedOnToolsVersion = 11.0;
					};
				};
			};
			buildConfigurationList = BE9B7C41234DDA0600131D89 /* Build configuration list for PBXProject "PodManager" */;
			compatibilityVersion = "Xcode 9.3";
			developmentRegion = en;
			hasScannedForEncodings = 0;
			knownRegions = (
				en,
				Base,
			);
			mainGroup = BE9B7C3D234DDA0600131D89;
			productRefGroup = BE9B7C47234DDA0600131D89 /* Products */;
			projectDirPath = "";
			projectRoot = "";
			targets = (
				BE9B7C45234DDA0600131D89 /* PodManager */,
			);
		};
/* End PBXProject section */

/* Begin PBXResourcesBuildPhase section */
		BE9B7C44234DDA0600131D89 /* Resources */ = {
			isa = PBXResourcesBuildPhase;
			buildActionMask = 2147483647;
			files = (
				BE9B7C4E234DDA0A00131D89 /* Assets.xcassets in Resources */,
				BE9B7C51234DDA0A00131D89 /* Main.storyboard in Resources */,
			);
			runOnlyForDeploymentPostprocessing = 0;
		};
/* End PBXResourcesBuildPhase section */

/* Begin PBXShellScriptBuildPhase section */
		8B785288FDE08349D9A949F5 /* [CP] Embed Pods Frameworks */ = {
			isa = PBXShellScriptBuildPhase;
			buildActionMask = 2147483647;
			files = (
			);
			inputFileListPaths = (
				"${PODS_ROOT}/Target Support Files/Pods-PodManager/Pods-PodManager-frameworks-${CONFIGURATION}-input-files.xcfilelist",
			);
			name = "[CP] Embed Pods Frameworks";
			outputFileListPaths = (
				"${PODS_ROOT}/Target Support Files/Pods-PodManager/Pods-PodManager-frameworks-${CONFIGURATION}-output-files.xcfilelist",
			);
			runOnlyForDeploymentPostprocessing = 0;
			shellPath = /bin/sh;
			shellScript = "\"${PODS_ROOT}/Target Support Files/Pods-PodManager/Pods-PodManager-frameworks.sh\"\n";
			showEnvVarsInLog = 0;
		};
		E2E2F625360EF8650C87543A /* [CP] Check Pods Manifest.lock */ = {
			isa = PBXShellScriptBuildPhase;
			buildActionMask = 2147483647;
			files = (
			);
			inputFileListPaths = (
			);
			inputPaths = (
				"${PODS_PODFILE_DIR_PATH}/Podfile.lock",
				"${PODS_ROOT}/Manifest.lock",
			);
			name = "[CP] Check Pods Manifest.lock";
			outputFileListPaths = (
			);
			outputPaths = (
				"$(DERIVED_FILE_DIR)/Pods-PodManager-checkManifestLockResult.txt",
			);
			runOnlyForDeploymentPostprocessing = 0;
			shellPath = /bin/sh;
			shellScript = "diff \"${PODS_PODFILE_DIR_PATH}/Podfile.lock\" \"${PODS_ROOT}/Manifest.lock\" > /dev/null\nif [ $? != 0 ] ; then\n    # print error to STDERR\n    echo \"error: The sandbox is not in sync with the Podfile.lock. Run 'pod install' or update your CocoaPods installation.\" >&2\n    exit 1\nfi\n# This output is used by Xcode 'outputs' to avoid re-running this script phase.\necho \"SUCCESS\" > \"${SCRIPT_OUTPUT_FILE_0}\"\n";
			showEnvVarsInLog = 0;
		};
/* End PBXShellScriptBuildPhase section */

/* Begin PBXSourcesBuildPhase section */
		BE9B7C42234DDA0600131D89 /* Sources */ = {
			isa = PBXSourcesBuildPhase;
			buildActionMask = 2147483647;
			files = (
				BE0222092395232C009B9A65 /* SearchAPI.swift in Sources */,
				BEE12795238D44FD0080D025 /* HighlightResultAuthor.swift in Sources */,
				BE679FCA23589CB0009AF188 /* MainViewController.swift in Sources */,
				BEE12793238D44E00080D025 /* HighlightResult.swift in Sources */,
				BE9F2ADF23955CC900727460 /* NameCellView.swift in Sources */,
				BE5995F02386DD5F00F7BEE4 /* MainTabViewController.swift in Sources */,
				BEE1279F238D45E90080D025 /* Source.swift in Sources */,
				BE9F2AE12395603E00727460 /* VersionCellView.swift in Sources */,
				BECDB39C23869F2C00843E49 /* Colors.swift in Sources */,
				BE5995FA2386EA9E00F7BEE4 /* FavouritesViewController.swift in Sources */,
				BEE12797238D45090080D025 /* Name.swift in Sources */,
				BEE12799238D451C0080D025 /* MatchLevel.swift in Sources */,
				BEE12791238D44D00080D025 /* Downloads.swift in Sources */,
				BE5995F22386EA6100F7BEE4 /* MyPodsViewController.swift in Sources */,
				BE02220B2395258C009B9A65 /* SearchRequestHeader.swift in Sources */,
				BEE1278B238D44360080D025 /* QueryResponse.swift in Sources */,
				BE0222032395229B009B9A65 /* SearchViewController.swift in Sources */,
				BEE1278D238D446F0080D025 /* Hit.swift in Sources */,
				BE5995FC2386EAAC00F7BEE4 /* TemplatesViewController.swift in Sources */,
				BED0B97F2397DA080018E78C /* StatusCellView.swift in Sources */,
				BE9B7C4A234DDA0600131D89 /* AppDelegate.swift in Sources */,
				BE9F2ADA23954A1800727460 /* Notification+Extension.swift in Sources */,
				BE5995F82386EA8C00F7BEE4 /* PopularViewController.swift in Sources */,
				BE4A4D17237DA4D70091D289 /* RoundedTextFieldCell.swift in Sources */,
				BEE1279B238D45BC0080D025 /* Platforms.swift in Sources */,
				BED0B97D2397D9A10018E78C /* ControlsCellView.swift in Sources */,
				BE679FCC2358A1D8009AF188 /* CustomNSTextFieldCell.swift in Sources */,
				BEE1278F238D447F0080D025 /* HitAuthor.swift in Sources */,
				BE679FCE2358A48E009AF188 /* NSColor+Extension.swift in Sources */,
			);
			runOnlyForDeploymentPostprocessing = 0;
		};
/* End PBXSourcesBuildPhase section */

/* Begin PBXVariantGroup section */
		BE9B7C4F234DDA0A00131D89 /* Main.storyboard */ = {
			isa = PBXVariantGroup;
			children = (
				BE9B7C50234DDA0A00131D89 /* Base */,
			);
			name = Main.storyboard;
			sourceTree = "<group>";
		};
/* End PBXVariantGroup section */

/* Begin XCBuildConfiguration section */
		BE9B7C54234DDA0A00131D89 /* Debug */ = {
			isa = XCBuildConfiguration;
			buildSettings = {
				ALWAYS_SEARCH_USER_PATHS = NO;
				CLANG_ANALYZER_NONNULL = YES;
				CLANG_ANALYZER_NUMBER_OBJECT_CONVERSION = YES_AGGRESSIVE;
				CLANG_CXX_LANGUAGE_STANDARD = "gnu++14";
				CLANG_CXX_LIBRARY = "libc++";
				CLANG_ENABLE_MODULES = YES;
				CLANG_ENABLE_OBJC_ARC = YES;
				CLANG_ENABLE_OBJC_WEAK = YES;
				CLANG_WARN_BLOCK_CAPTURE_AUTORELEASING = YES;
				CLANG_WARN_BOOL_CONVERSION = YES;
				CLANG_WARN_COMMA = YES;
				CLANG_WARN_CONSTANT_CONVERSION = YES;
				CLANG_WARN_DEPRECATED_OBJC_IMPLEMENTATIONS = YES;
				CLANG_WARN_DIRECT_OBJC_ISA_USAGE = YES_ERROR;
				CLANG_WARN_DOCUMENTATION_COMMENTS = YES;
				CLANG_WARN_EMPTY_BODY = YES;
				CLANG_WARN_ENUM_CONVERSION = YES;
				CLANG_WARN_INFINITE_RECURSION = YES;
				CLANG_WARN_INT_CONVERSION = YES;
				CLANG_WARN_NON_LITERAL_NULL_CONVERSION = YES;
				CLANG_WARN_OBJC_IMPLICIT_RETAIN_SELF = YES;
				CLANG_WARN_OBJC_LITERAL_CONVERSION = YES;
				CLANG_WARN_OBJC_ROOT_CLASS = YES_ERROR;
				CLANG_WARN_RANGE_LOOP_ANALYSIS = YES;
				CLANG_WARN_STRICT_PROTOTYPES = YES;
				CLANG_WARN_SUSPICIOUS_MOVE = YES;
				CLANG_WARN_UNGUARDED_AVAILABILITY = YES_AGGRESSIVE;
				CLANG_WARN_UNREACHABLE_CODE = YES;
				CLANG_WARN__DUPLICATE_METHOD_MATCH = YES;
				COPY_PHASE_STRIP = NO;
				DEBUG_INFORMATION_FORMAT = dwarf;
				ENABLE_STRICT_OBJC_MSGSEND = YES;
				ENABLE_TESTABILITY = YES;
				GCC_C_LANGUAGE_STANDARD = gnu11;
				GCC_DYNAMIC_NO_PIC = NO;
				GCC_NO_COMMON_BLOCKS = YES;
				GCC_OPTIMIZATION_LEVEL = 0;
				GCC_PREPROCESSOR_DEFINITIONS = (
					"DEBUG=1",
					"$(inherited)",
				);
				GCC_WARN_64_TO_32_BIT_CONVERSION = YES;
				GCC_WARN_ABOUT_RETURN_TYPE = YES_ERROR;
				GCC_WARN_UNDECLARED_SELECTOR = YES;
				GCC_WARN_UNINITIALIZED_AUTOS = YES_AGGRESSIVE;
				GCC_WARN_UNUSED_FUNCTION = YES;
				GCC_WARN_UNUSED_VARIABLE = YES;
				MACOSX_DEPLOYMENT_TARGET = 10.15;
				MTL_ENABLE_DEBUG_INFO = INCLUDE_SOURCE;
				MTL_FAST_MATH = YES;
				ONLY_ACTIVE_ARCH = YES;
				SDKROOT = macosx;
				SWIFT_ACTIVE_COMPILATION_CONDITIONS = DEBUG;
				SWIFT_OPTIMIZATION_LEVEL = "-Onone";
			};
			name = Debug;
		};
		BE9B7C55234DDA0A00131D89 /* Release */ = {
			isa = XCBuildConfiguration;
			buildSettings = {
				ALWAYS_SEARCH_USER_PATHS = NO;
				CLANG_ANALYZER_NONNULL = YES;
				CLANG_ANALYZER_NUMBER_OBJECT_CONVERSION = YES_AGGRESSIVE;
				CLANG_CXX_LANGUAGE_STANDARD = "gnu++14";
				CLANG_CXX_LIBRARY = "libc++";
				CLANG_ENABLE_MODULES = YES;
				CLANG_ENABLE_OBJC_ARC = YES;
				CLANG_ENABLE_OBJC_WEAK = YES;
				CLANG_WARN_BLOCK_CAPTURE_AUTORELEASING = YES;
				CLANG_WARN_BOOL_CONVERSION = YES;
				CLANG_WARN_COMMA = YES;
				CLANG_WARN_CONSTANT_CONVERSION = YES;
				CLANG_WARN_DEPRECATED_OBJC_IMPLEMENTATIONS = YES;
				CLANG_WARN_DIRECT_OBJC_ISA_USAGE = YES_ERROR;
				CLANG_WARN_DOCUMENTATION_COMMENTS = YES;
				CLANG_WARN_EMPTY_BODY = YES;
				CLANG_WARN_ENUM_CONVERSION = YES;
				CLANG_WARN_INFINITE_RECURSION = YES;
				CLANG_WARN_INT_CONVERSION = YES;
				CLANG_WARN_NON_LITERAL_NULL_CONVERSION = YES;
				CLANG_WARN_OBJC_IMPLICIT_RETAIN_SELF = YES;
				CLANG_WARN_OBJC_LITERAL_CONVERSION = YES;
				CLANG_WARN_OBJC_ROOT_CLASS = YES_ERROR;
				CLANG_WARN_RANGE_LOOP_ANALYSIS = YES;
				CLANG_WARN_STRICT_PROTOTYPES = YES;
				CLANG_WARN_SUSPICIOUS_MOVE = YES;
				CLANG_WARN_UNGUARDED_AVAILABILITY = YES_AGGRESSIVE;
				CLANG_WARN_UNREACHABLE_CODE = YES;
				CLANG_WARN__DUPLICATE_METHOD_MATCH = YES;
				COPY_PHASE_STRIP = NO;
				DEBUG_INFORMATION_FORMAT = "dwarf-with-dsym";
				ENABLE_NS_ASSERTIONS = NO;
				ENABLE_STRICT_OBJC_MSGSEND = YES;
				GCC_C_LANGUAGE_STANDARD = gnu11;
				GCC_NO_COMMON_BLOCKS = YES;
				GCC_WARN_64_TO_32_BIT_CONVERSION = YES;
				GCC_WARN_ABOUT_RETURN_TYPE = YES_ERROR;
				GCC_WARN_UNDECLARED_SELECTOR = YES;
				GCC_WARN_UNINITIALIZED_AUTOS = YES_AGGRESSIVE;
				GCC_WARN_UNUSED_FUNCTION = YES;
				GCC_WARN_UNUSED_VARIABLE = YES;
				MACOSX_DEPLOYMENT_TARGET = 10.15;
				MTL_ENABLE_DEBUG_INFO = NO;
				MTL_FAST_MATH = YES;
				SDKROOT = macosx;
				SWIFT_COMPILATION_MODE = wholemodule;
				SWIFT_OPTIMIZATION_LEVEL = "-O";
			};
			name = Release;
		};
		BE9B7C57234DDA0A00131D89 /* Debug */ = {
			isa = XCBuildConfiguration;
			baseConfigurationReference = 2043E37EE8E1BFD1BC77397A /* Pods-PodManager.debug.xcconfig */;
			buildSettings = {
				ASSETCATALOG_COMPILER_APPICON_NAME = AppIcon;
				CODE_SIGN_ENTITLEMENTS = PodManager/PodManager.entitlements;
				CODE_SIGN_STYLE = Automatic;
				COMBINE_HIDPI_IMAGES = YES;
				DEVELOPMENT_TEAM = KFMW4YLVZ5;
				ENABLE_HARDENED_RUNTIME = YES;
				INFOPLIST_FILE = PodManager/Info.plist;
				LD_RUNPATH_SEARCH_PATHS = (
					"$(inherited)",
					"@executable_path/../Frameworks",
				);
				PRODUCT_BUNDLE_IDENTIFIER = com.autsoft.PodManager;
				PRODUCT_NAME = "$(TARGET_NAME)";
				SWIFT_VERSION = 5.0;
			};
			name = Debug;
		};
		BE9B7C58234DDA0A00131D89 /* Release */ = {
			isa = XCBuildConfiguration;
			baseConfigurationReference = 5E0E570B4537E9F34B5E14A9 /* Pods-PodManager.release.xcconfig */;
			buildSettings = {
				ASSETCATALOG_COMPILER_APPICON_NAME = AppIcon;
				CODE_SIGN_ENTITLEMENTS = PodManager/PodManager.entitlements;
				CODE_SIGN_STYLE = Automatic;
				COMBINE_HIDPI_IMAGES = YES;
				DEVELOPMENT_TEAM = KFMW4YLVZ5;
				ENABLE_HARDENED_RUNTIME = YES;
				INFOPLIST_FILE = PodManager/Info.plist;
				LD_RUNPATH_SEARCH_PATHS = (
					"$(inherited)",
					"@executable_path/../Frameworks",
				);
				PRODUCT_BUNDLE_IDENTIFIER = com.autsoft.PodManager;
				PRODUCT_NAME = "$(TARGET_NAME)";
				SWIFT_VERSION = 5.0;
			};
			name = Release;
		};
/* End XCBuildConfiguration section */

/* Begin XCConfigurationList section */
		BE9B7C41234DDA0600131D89 /* Build configuration list for PBXProject "PodManager" */ = {
			isa = XCConfigurationList;
			buildConfigurations = (
				BE9B7C54234DDA0A00131D89 /* Debug */,
				BE9B7C55234DDA0A00131D89 /* Release */,
			);
			defaultConfigurationIsVisible = 0;
			defaultConfigurationName = Release;
		};
		BE9B7C56234DDA0A00131D89 /* Build configuration list for PBXNativeTarget "PodManager" */ = {
			isa = XCConfigurationList;
			buildConfigurations = (
				BE9B7C57234DDA0A00131D89 /* Debug */,
				BE9B7C58234DDA0A00131D89 /* Release */,
			);
			defaultConfigurationIsVisible = 0;
			defaultConfigurationName = Release;
		};
/* End XCConfigurationList section */
	};
	rootObject = BE9B7C3E234DDA0600131D89 /* Project object */;
}
