// !$*UTF8*$!
{
	archiveVersion = 1;
	classes = {
	};
	objectVersion = 50;
	objects = {

/* Begin PBXBuildFile section */
		BE4A4D17237DA4D70091D289 /* RoundedTextFieldCell.swift in Sources */ = {isa = PBXBuildFile; fileRef = BE4A4D16237DA4D70091D289 /* RoundedTextFieldCell.swift */; };
		BE679FCA23589CB0009AF188 /* MainViewController.swift in Sources */ = {isa = PBXBuildFile; fileRef = BE679FC923589CB0009AF188 /* MainViewController.swift */; };
		BE679FCC2358A1D8009AF188 /* CustomNSTextFieldCell.swift in Sources */ = {isa = PBXBuildFile; fileRef = BE679FCB2358A1D8009AF188 /* CustomNSTextFieldCell.swift */; };
		BE679FCE2358A48E009AF188 /* NSColor+Extension.swift in Sources */ = {isa = PBXBuildFile; fileRef = BE679FCD2358A48E009AF188 /* NSColor+Extension.swift */; };
		BE9B7C4A234DDA0600131D89 /* AppDelegate.swift in Sources */ = {isa = PBXBuildFile; fileRef = BE9B7C49234DDA0600131D89 /* AppDelegate.swift */; };
		BE9B7C4C234DDA0600131D89 /* ViewController.swift in Sources */ = {isa = PBXBuildFile; fileRef = BE9B7C4B234DDA0600131D89 /* ViewController.swift */; };
		BE9B7C4E234DDA0A00131D89 /* Assets.xcassets in Resources */ = {isa = PBXBuildFile; fileRef = BE9B7C4D234DDA0A00131D89 /* Assets.xcassets */; };
		BE9B7C51234DDA0A00131D89 /* Main.storyboard in Resources */ = {isa = PBXBuildFile; fileRef = BE9B7C4F234DDA0A00131D89 /* Main.storyboard */; };
		BECDB39C23869F2C00843E49 /* Colors.swift in Sources */ = {isa = PBXBuildFile; fileRef = BECDB39B23869F2C00843E49 /* Colors.swift */; };
/* End PBXBuildFile section */

/* Begin PBXFileReference section */
		BE4A4D16237DA4D70091D289 /* RoundedTextFieldCell.swift */ = {isa = PBXFileReference; lastKnownFileType = sourcecode.swift; path = RoundedTextFieldCell.swift; sourceTree = "<group>"; };
		BE679FC923589CB0009AF188 /* MainViewController.swift */ = {isa = PBXFileReference; lastKnownFileType = sourcecode.swift; path = MainViewController.swift; sourceTree = "<group>"; };
		BE679FCB2358A1D8009AF188 /* CustomNSTextFieldCell.swift */ = {isa = PBXFileReference; lastKnownFileType = sourcecode.swift; path = CustomNSTextFieldCell.swift; sourceTree = "<group>"; };
		BE679FCD2358A48E009AF188 /* NSColor+Extension.swift */ = {isa = PBXFileReference; lastKnownFileType = sourcecode.swift; path = "NSColor+Extension.swift"; sourceTree = "<group>"; };
		BE9B7C46234DDA0600131D89 /* PodManager.app */ = {isa = PBXFileReference; explicitFileType = wrapper.application; includeInIndex = 0; path = PodManager.app; sourceTree = BUILT_PRODUCTS_DIR; };
		BE9B7C49234DDA0600131D89 /* AppDelegate.swift */ = {isa = PBXFileReference; lastKnownFileType = sourcecode.swift; path = AppDelegate.swift; sourceTree = "<group>"; };
		BE9B7C4B234DDA0600131D89 /* ViewController.swift */ = {isa = PBXFileReference; lastKnownFileType = sourcecode.swift; path = ViewController.swift; sourceTree = "<group>"; };
		BE9B7C4D234DDA0A00131D89 /* Assets.xcassets */ = {isa = PBXFileReference; lastKnownFileType = folder.assetcatalog; path = Assets.xcassets; sourceTree = "<group>"; };
		BE9B7C50234DDA0A00131D89 /* Base */ = {isa = PBXFileReference; lastKnownFileType = file.storyboard; name = Base; path = Base.lproj/Main.storyboard; sourceTree = "<group>"; };
		BE9B7C52234DDA0A00131D89 /* Info.plist */ = {isa = PBXFileReference; lastKnownFileType = text.plist.xml; path = Info.plist; sourceTree = "<group>"; };
		BE9B7C53234DDA0A00131D89 /* PodManager.entitlements */ = {isa = PBXFileReference; lastKnownFileType = text.plist.entitlements; path = PodManager.entitlements; sourceTree = "<group>"; };
		BECDB39B23869F2C00843E49 /* Colors.swift */ = {isa = PBXFileReference; lastKnownFileType = sourcecode.swift; path = Colors.swift; sourceTree = "<group>"; };
/* End PBXFileReference section */

/* Begin PBXFrameworksBuildPhase section */
		BE9B7C43234DDA0600131D89 /* Frameworks */ = {
			isa = PBXFrameworksBuildPhase;
			buildActionMask = 2147483647;
			files = (
			);
			runOnlyForDeploymentPostprocessing = 0;
		};
/* End PBXFrameworksBuildPhase section */

/* Begin PBXGroup section */
		BE9B7C3D234DDA0600131D89 = {
			isa = PBXGroup;
			children = (
				BE9B7C48234DDA0600131D89 /* PodManager */,
				BE9B7C47234DDA0600131D89 /* Products */,
			);
			sourceTree = "<group>";
		};
		BE9B7C47234DDA0600131D89 /* Products */ = {
			isa = PBXGroup;
			children = (
				BE9B7C46234DDA0600131D89 /* PodManager.app */,
			);
			name = Products;
			sourceTree = "<group>";
		};
		BE9B7C48234DDA0600131D89 /* PodManager */ = {
			isa = PBXGroup;
			children = (
				BE9B7C49234DDA0600131D89 /* AppDelegate.swift */,
				BE9B7C4B234DDA0600131D89 /* ViewController.swift */,
				BE9B7C4D234DDA0A00131D89 /* Assets.xcassets */,
				BE9B7C4F234DDA0A00131D89 /* Main.storyboard */,
				BE9B7C52234DDA0A00131D89 /* Info.plist */,
				BE9B7C53234DDA0A00131D89 /* PodManager.entitlements */,
				BE679FC923589CB0009AF188 /* MainViewController.swift */,
				BE679FCB2358A1D8009AF188 /* CustomNSTextFieldCell.swift */,
				BE679FCD2358A48E009AF188 /* NSColor+Extension.swift */,
				BE4A4D16237DA4D70091D289 /* RoundedTextFieldCell.swift */,
				BECDB39B23869F2C00843E49 /* Colors.swift */,
			);
			path = PodManager;
			sourceTree = "<group>";
		};
/* End PBXGroup section */

/* Begin PBXNativeTarget section */
		BE9B7C45234DDA0600131D89 /* PodManager */ = {
			isa = PBXNativeTarget;
			buildConfigurationList = BE9B7C56234DDA0A00131D89 /* Build configuration list for PBXNativeTarget "PodManager" */;
			buildPhases = (
				BE9B7C42234DDA0600131D89 /* Sources */,
				BE9B7C43234DDA0600131D89 /* Frameworks */,
				BE9B7C44234DDA0600131D89 /* Resources */,
			);
			buildRules = (
			);
			dependencies = (
			);
			name = PodManager;
			productName = PodManager;
			productReference = BE9B7C46234DDA0600131D89 /* PodManager.app */;
			productType = "com.apple.product-type.application";
		};
/* End PBXNativeTarget section */

/* Begin PBXProject section */
		BE9B7C3E234DDA0600131D89 /* Project object */ = {
			isa = PBXProject;
			attributes = {
				LastSwiftUpdateCheck = 1100;
				LastUpgradeCheck = 1100;
				ORGANIZATIONNAME = "Domonkos Aron";
				TargetAttributes = {
					BE9B7C45234DDA0600131D89 = {
						CreatedOnToolsVersion = 11.0;
					};
				};
			};
			buildConfigurationList = BE9B7C41234DDA0600131D89 /* Build configuration list for PBXProject "PodManager" */;
			compatibilityVersion = "Xcode 9.3";
			developmentRegion = en;
			hasScannedForEncodings = 0;
			knownRegions = (
				en,
				Base,
			);
			mainGroup = BE9B7C3D234DDA0600131D89;
			productRefGroup = BE9B7C47234DDA0600131D89 /* Products */;
			projectDirPath = "";
			projectRoot = "";
			targets = (
				BE9B7C45234DDA0600131D89 /* PodManager */,
			);
		};
/* End PBXProject section */

/* Begin PBXResourcesBuildPhase section */
		BE9B7C44234DDA0600131D89 /* Resources */ = {
			isa = PBXResourcesBuildPhase;
			buildActionMask = 2147483647;
			files = (
				BE9B7C4E234DDA0A00131D89 /* Assets.xcassets in Resources */,
				BE9B7C51234DDA0A00131D89 /* Main.storyboard in Resources */,
			);
			runOnlyForDeploymentPostprocessing = 0;
		};
/* End PBXResourcesBuildPhase section */

/* Begin PBXSourcesBuildPhase section */
		BE9B7C42234DDA0600131D89 /* Sources */ = {
			isa = PBXSourcesBuildPhase;
			buildActionMask = 2147483647;
			files = (
				BE679FCA23589CB0009AF188 /* MainViewController.swift in Sources */,
				BECDB39C23869F2C00843E49 /* Colors.swift in Sources */,
				BE9B7C4C234DDA0600131D89 /* ViewController.swift in Sources */,
				BE9B7C4A234DDA0600131D89 /* AppDelegate.swift in Sources */,
				BE4A4D17237DA4D70091D289 /* RoundedTextFieldCell.swift in Sources */,
				BE679FCC2358A1D8009AF188 /* CustomNSTextFieldCell.swift in Sources */,
				BE679FCE2358A48E009AF188 /* NSColor+Extension.swift in Sources */,
			);
			runOnlyForDeploymentPostprocessing = 0;
		};
/* End PBXSourcesBuildPhase section */

/* Begin PBXVariantGroup section */
		BE9B7C4F234DDA0A00131D89 /* Main.storyboard */ = {
			isa = PBXVariantGroup;
			children = (
				BE9B7C50234DDA0A00131D89 /* Base */,
			);
			name = Main.storyboard;
			sourceTree = "<group>";
		};
/* End PBXVariantGroup section */

/* Begin XCBuildConfiguration section */
		BE9B7C54234DDA0A00131D89 /* Debug */ = {
			isa = XCBuildConfiguration;
			buildSettings = {
				ALWAYS_SEARCH_USER_PATHS = NO;
				CLANG_ANALYZER_NONNULL = YES;
				CLANG_ANALYZER_NUMBER_OBJECT_CONVERSION = YES_AGGRESSIVE;
				CLANG_CXX_LANGUAGE_STANDARD = "gnu++14";
				CLANG_CXX_LIBRARY = "libc++";
				CLANG_ENABLE_MODULES = YES;
				CLANG_ENABLE_OBJC_ARC = YES;
				CLANG_ENABLE_OBJC_WEAK = YES;
				CLANG_WARN_BLOCK_CAPTURE_AUTORELEASING = YES;
				CLANG_WARN_BOOL_CONVERSION = YES;
				CLANG_WARN_COMMA = YES;
				CLANG_WARN_CONSTANT_CONVERSION = YES;
				CLANG_WARN_DEPRECATED_OBJC_IMPLEMENTATIONS = YES;
				CLANG_WARN_DIRECT_OBJC_ISA_USAGE = YES_ERROR;
				CLANG_WARN_DOCUMENTATION_COMMENTS = YES;
				CLANG_WARN_EMPTY_BODY = YES;
				CLANG_WARN_ENUM_CONVERSION = YES;
				CLANG_WARN_INFINITE_RECURSION = YES;
				CLANG_WARN_INT_CONVERSION = YES;
				CLANG_WARN_NON_LITERAL_NULL_CONVERSION = YES;
				CLANG_WARN_OBJC_IMPLICIT_RETAIN_SELF = YES;
				CLANG_WARN_OBJC_LITERAL_CONVERSION = YES;
				CLANG_WARN_OBJC_ROOT_CLASS = YES_ERROR;
				CLANG_WARN_RANGE_LOOP_ANALYSIS = YES;
				CLANG_WARN_STRICT_PROTOTYPES = YES;
				CLANG_WARN_SUSPICIOUS_MOVE = YES;
				CLANG_WARN_UNGUARDED_AVAILABILITY = YES_AGGRESSIVE;
				CLANG_WARN_UNREACHABLE_CODE = YES;
				CLANG_WARN__DUPLICATE_METHOD_MATCH = YES;
				COPY_PHASE_STRIP = NO;
				DEBUG_INFORMATION_FORMAT = dwarf;
				ENABLE_STRICT_OBJC_MSGSEND = YES;
				ENABLE_TESTABILITY = YES;
				GCC_C_LANGUAGE_STANDARD = gnu11;
				GCC_DYNAMIC_NO_PIC = NO;
				GCC_NO_COMMON_BLOCKS = YES;
				GCC_OPTIMIZATION_LEVEL = 0;
				GCC_PREPROCESSOR_DEFINITIONS = (
					"DEBUG=1",
					"$(inherited)",
				);
				GCC_WARN_64_TO_32_BIT_CONVERSION = YES;
				GCC_WARN_ABOUT_RETURN_TYPE = YES_ERROR;
				GCC_WARN_UNDECLARED_SELECTOR = YES;
				GCC_WARN_UNINITIALIZED_AUTOS = YES_AGGRESSIVE;
				GCC_WARN_UNUSED_FUNCTION = YES;
				GCC_WARN_UNUSED_VARIABLE = YES;
				MACOSX_DEPLOYMENT_TARGET = 10.15;
				MTL_ENABLE_DEBUG_INFO = INCLUDE_SOURCE;
				MTL_FAST_MATH = YES;
				ONLY_ACTIVE_ARCH = YES;
				SDKROOT = macosx;
				SWIFT_ACTIVE_COMPILATION_CONDITIONS = DEBUG;
				SWIFT_OPTIMIZATION_LEVEL = "-Onone";
			};
			name = Debug;
		};
		BE9B7C55234DDA0A00131D89 /* Release */ = {
			isa = XCBuildConfiguration;
			buildSettings = {
				ALWAYS_SEARCH_USER_PATHS = NO;
				CLANG_ANALYZER_NONNULL = YES;
				CLANG_ANALYZER_NUMBER_OBJECT_CONVERSION = YES_AGGRESSIVE;
				CLANG_CXX_LANGUAGE_STANDARD = "gnu++14";
				CLANG_CXX_LIBRARY = "libc++";
				CLANG_ENABLE_MODULES = YES;
				CLANG_ENABLE_OBJC_ARC = YES;
				CLANG_ENABLE_OBJC_WEAK = YES;
				CLANG_WARN_BLOCK_CAPTURE_AUTORELEASING = YES;
				CLANG_WARN_BOOL_CONVERSION = YES;
				CLANG_WARN_COMMA = YES;
				CLANG_WARN_CONSTANT_CONVERSION = YES;
				CLANG_WARN_DEPRECATED_OBJC_IMPLEMENTATIONS = YES;
				CLANG_WARN_DIRECT_OBJC_ISA_USAGE = YES_ERROR;
				CLANG_WARN_DOCUMENTATION_COMMENTS = YES;
				CLANG_WARN_EMPTY_BODY = YES;
				CLANG_WARN_ENUM_CONVERSION = YES;
				CLANG_WARN_INFINITE_RECURSION = YES;
				CLANG_WARN_INT_CONVERSION = YES;
				CLANG_WARN_NON_LITERAL_NULL_CONVERSION = YES;
				CLANG_WARN_OBJC_IMPLICIT_RETAIN_SELF = YES;
				CLANG_WARN_OBJC_LITERAL_CONVERSION = YES;
				CLANG_WARN_OBJC_ROOT_CLASS = YES_ERROR;
				CLANG_WARN_RANGE_LOOP_ANALYSIS = YES;
				CLANG_WARN_STRICT_PROTOTYPES = YES;
				CLANG_WARN_SUSPICIOUS_MOVE = YES;
				CLANG_WARN_UNGUARDED_AVAILABILITY = YES_AGGRESSIVE;
				CLANG_WARN_UNREACHABLE_CODE = YES;
				CLANG_WARN__DUPLICATE_METHOD_MATCH = YES;
				COPY_PHASE_STRIP = NO;
				DEBUG_INFORMATION_FORMAT = "dwarf-with-dsym";
				ENABLE_NS_ASSERTIONS = NO;
				ENABLE_STRICT_OBJC_MSGSEND = YES;
				GCC_C_LANGUAGE_STANDARD = gnu11;
				GCC_NO_COMMON_BLOCKS = YES;
				GCC_WARN_64_TO_32_BIT_CONVERSION = YES;
				GCC_WARN_ABOUT_RETURN_TYPE = YES_ERROR;
				GCC_WARN_UNDECLARED_SELECTOR = YES;
				GCC_WARN_UNINITIALIZED_AUTOS = YES_AGGRESSIVE;
				GCC_WARN_UNUSED_FUNCTION = YES;
				GCC_WARN_UNUSED_VARIABLE = YES;
				MACOSX_DEPLOYMENT_TARGET = 10.15;
				MTL_ENABLE_DEBUG_INFO = NO;
				MTL_FAST_MATH = YES;
				SDKROOT = macosx;
				SWIFT_COMPILATION_MODE = wholemodule;
				SWIFT_OPTIMIZATION_LEVEL = "-O";
			};
			name = Release;
		};
		BE9B7C57234DDA0A00131D89 /* Debug */ = {
			isa = XCBuildConfiguration;
			buildSettings = {
				ASSETCATALOG_COMPILER_APPICON_NAME = AppIcon;
				CODE_SIGN_ENTITLEMENTS = PodManager/PodManager.entitlements;
				CODE_SIGN_STYLE = Automatic;
				COMBINE_HIDPI_IMAGES = YES;
				DEVELOPMENT_TEAM = KFMW4YLVZ5;
				ENABLE_HARDENED_RUNTIME = YES;
				INFOPLIST_FILE = PodManager/Info.plist;
				LD_RUNPATH_SEARCH_PATHS = (
					"$(inherited)",
					"@executable_path/../Frameworks",
				);
				PRODUCT_BUNDLE_IDENTIFIER = com.autsoft.PodManager;
				PRODUCT_NAME = "$(TARGET_NAME)";
				SWIFT_VERSION = 5.0;
			};
			name = Debug;
		};
		BE9B7C58234DDA0A00131D89 /* Release */ = {
			isa = XCBuildConfiguration;
			buildSettings = {
				ASSETCATALOG_COMPILER_APPICON_NAME = AppIcon;
				CODE_SIGN_ENTITLEMENTS = PodManager/PodManager.entitlements;
				CODE_SIGN_STYLE = Automatic;
				COMBINE_HIDPI_IMAGES = YES;
				DEVELOPMENT_TEAM = KFMW4YLVZ5;
				ENABLE_HARDENED_RUNTIME = YES;
				INFOPLIST_FILE = PodManager/Info.plist;
				LD_RUNPATH_SEARCH_PATHS = (
					"$(inherited)",
					"@executable_path/../Frameworks",
				);
				PRODUCT_BUNDLE_IDENTIFIER = com.autsoft.PodManager;
				PRODUCT_NAME = "$(TARGET_NAME)";
				SWIFT_VERSION = 5.0;
			};
			name = Release;
		};
/* End XCBuildConfiguration section */

/* Begin XCConfigurationList section */
		BE9B7C41234DDA0600131D89 /* Build configuration list for PBXProject "PodManager" */ = {
			isa = XCConfigurationList;
			buildConfigurations = (
				BE9B7C54234DDA0A00131D89 /* Debug */,
				BE9B7C55234DDA0A00131D89 /* Release */,
			);
			defaultConfigurationIsVisible = 0;
			defaultConfigurationName = Release;
		};
		BE9B7C56234DDA0A00131D89 /* Build configuration list for PBXNativeTarget "PodManager" */ = {
			isa = XCConfigurationList;
			buildConfigurations = (
				BE9B7C57234DDA0A00131D89 /* Debug */,
				BE9B7C58234DDA0A00131D89 /* Release */,
			);
			defaultConfigurationIsVisible = 0;
			defaultConfigurationName = Release;
		};
/* End XCConfigurationList section */
	};
	rootObject = BE9B7C3E234DDA0600131D89 /* Project object */;
}
